
Microsoft Visual Studio Solution File, Format Version 12.00
# Visual Studio 14
VisualStudioVersion = 14.0.24720.0
MinimumVisualStudioVersion = 10.0.40219.1
Project("{FAE04EC0-301F-11D3-BF4B-00C04F79EFBC}") = "GoComics", "GoComics\GoComics.csproj", "{C3CDEEB9-DF4D-435F-9CC1-82A6BB1B3668}"
EndProject
Project("{FAE04EC0-301F-11D3-BF4B-00C04F79EFBC}") = "GoComics.Shared", "GoComics.Shared\GoComics.Shared.csproj", "{977F5107-4A97-4CC5-9D60-11DAFCC6E666}"
EndProject
Global
	GlobalSection(SolutionConfigurationPlatforms) = preSolution
		Debug|Any CPU = Debug|Any CPU
		Debug|ARM = Debug|ARM
		Debug|x64 = Debug|x64
		Debug|x86 = Debug|x86
		Release|Any CPU = Release|Any CPU
		Release|ARM = Release|ARM
		Release|x64 = Release|x64
		Release|x86 = Release|x86
	EndGlobalSection
	GlobalSection(ProjectConfigurationPlatforms) = postSolution
		{C3CDEEB9-DF4D-435F-9CC1-82A6BB1B3668}.Debug|Any CPU.ActiveCfg = Debug|x86
		{C3CDEEB9-DF4D-435F-9CC1-82A6BB1B3668}.Debug|Any CPU.Build.0 = Debug|x86
		{C3CDEEB9-DF4D-435F-9CC1-82A6BB1B3668}.Debug|Any CPU.Deploy.0 = Debug|x86
		{C3CDEEB9-DF4D-435F-9CC1-82A6BB1B3668}.Debug|ARM.ActiveCfg = Debug|ARM
		{C3CDEEB9-DF4D-435F-9CC1-82A6BB1B3668}.Debug|ARM.Build.0 = Debug|ARM
		{C3CDEEB9-DF4D-435F-9CC1-82A6BB1B3668}.Debug|ARM.Deploy.0 = Debug|ARM
		{C3CDEEB9-DF4D-435F-9CC1-82A6BB1B3668}.Debug|x64.ActiveCfg = Debug|x64
		{C3CDEEB9-DF4D-435F-9CC1-82A6BB1B3668}.Debug|x64.Build.0 = Debug|x64
		{C3CDEEB9-DF4D-435F-9CC1-82A6BB1B3668}.Debug|x64.Deploy.0 = Debug|x64
		{C3CDEEB9-DF4D-435F-9CC1-82A6BB1B3668}.Debug|x86.ActiveCfg = Debug|x86
		{C3CDEEB9-DF4D-435F-9CC1-82A6BB1B3668}.Debug|x86.Build.0 = Debug|x86
		{C3CDEEB9-DF4D-435F-9CC1-82A6BB1B3668}.Debug|x86.Deploy.0 = Debug|x86
		{C3CDEEB9-DF4D-435F-9CC1-82A6BB1B3668}.Release|Any CPU.ActiveCfg = Release|x86
		{C3CDEEB9-DF4D-435F-9CC1-82A6BB1B3668}.Release|ARM.ActiveCfg = Release|ARM
		{C3CDEEB9-DF4D-435F-9CC1-82A6BB1B3668}.Release|ARM.Build.0 = Release|ARM
		{C3CDEEB9-DF4D-435F-9CC1-82A6BB1B3668}.Release|ARM.Deploy.0 = Release|ARM
		{C3CDEEB9-DF4D-435F-9CC1-82A6BB1B3668}.Release|x64.ActiveCfg = Release|x64
		{C3CDEEB9-DF4D-435F-9CC1-82A6BB1B3668}.Release|x64.Build.0 = Release|x64
		{C3CDEEB9-DF4D-435F-9CC1-82A6BB1B3668}.Release|x64.Deploy.0 = Release|x64
		{C3CDEEB9-DF4D-435F-9CC1-82A6BB1B3668}.Release|x86.ActiveCfg = Release|x86
		{C3CDEEB9-DF4D-435F-9CC1-82A6BB1B3668}.Release|x86.Build.0 = Release|x86
		{C3CDEEB9-DF4D-435F-9CC1-82A6BB1B3668}.Release|x86.Deploy.0 = Release|x86
		{977F5107-4A97-4CC5-9D60-11DAFCC6E666}.Debug|Any CPU.ActiveCfg = Debug|Any CPU
		{977F5107-4A97-4CC5-9D60-11DAFCC6E666}.Debug|Any CPU.Build.0 = Debug|Any CPU
		{977F5107-4A97-4CC5-9D60-11DAFCC6E666}.Debug|ARM.ActiveCfg = Debug|ARM
		{977F5107-4A97-4CC5-9D60-11DAFCC6E666}.Debug|ARM.Build.0 = Debug|ARM
		{977F5107-4A97-4CC5-9D60-11DAFCC6E666}.Debug|x64.ActiveCfg = Debug|x64
		{977F5107-4A97-4CC5-9D60-11DAFCC6E666}.Debug|x64.Build.0 = Debug|x64
		{977F5107-4A97-4CC5-9D60-11DAFCC6E666}.Debug|x86.ActiveCfg = Debug|x86
		{977F5107-4A97-4CC5-9D60-11DAFCC6E666}.Debug|x86.Build.0 = Debug|x86
		{977F5107-4A97-4CC5-9D60-11DAFCC6E666}.Release|Any CPU.ActiveCfg = Release|Any CPU
		{977F5107-4A97-4CC5-9D60-11DAFCC6E666}.Release|Any CPU.Build.0 = Release|Any CPU
		{977F5107-4A97-4CC5-9D60-11DAFCC6E666}.Release|ARM.ActiveCfg = Release|ARM
		{977F5107-4A97-4CC5-9D60-11DAFCC6E666}.Release|ARM.Build.0 = Release|ARM
		{977F5107-4A97-4CC5-9D60-11DAFCC6E666}.Release|x64.ActiveCfg = Release|x64
		{977F5107-4A97-4CC5-9D60-11DAFCC6E666}.Release|x64.Build.0 = Release|x64
		{977F5107-4A97-4CC5-9D60-11DAFCC6E666}.Release|x86.ActiveCfg = Release|x86
		{977F5107-4A97-4CC5-9D60-11DAFCC6E666}.Release|x86.Build.0 = Release|x86
	EndGlobalSection
	GlobalSection(SolutionProperties) = preSolution
		HideSolutionNode = FALSE
	EndGlobalSection
EndGlobal
